lockfile_version: '1'
generated_at: '2026-07-08T07:40:16.035383+00:00'
dependencies: []
local_deployed_files:
- .claude/rules/repo-orientation.md
- .claude/skills/apm-bug-repro
- .claude/skills/apm-bug-repro/SKILL.md
- .claude/skills/issue-authoring
- .claude/skills/issue-authoring/SKILL.md
local_deployed_file_hashes:
  .claude/rules/repo-orientation.md: sha256:2704af7e66ea16d88c926a3b4195f35594f91e740f0fce2a6023630340c090e3
  .claude/skills/apm-bug-repro/SKILL.md: sha256:707f98ca54fa453849522e02bf8a815bc1fb9a6ae225011d10835e03db1ce3e1
  .claude/skills/issue-authoring/SKILL.md: sha256:00b3e159bd4ebd52e4e5f90cfd3f6b842e5e7002c27cc426922acbc19ab29b4c
